
Microsoft Visual Studio Solution File, Format Version 12.00
# Visual Studio 15
VisualStudioVersion = 15.0.28010.2003
MinimumVisualStudioVersion = 10.0.40219.1
Project("{FAE04EC0-301F-11D3-BF4B-00C04F79EFBC}") = "SemanticImages.Core", "SemanticImages.Core\SemanticImages.Core.csproj", "{B0127E53-ECB9-4A21-B44C-3F1529FCD0A1}"
EndProject
Project("{FAE04EC0-301F-11D3-BF4B-00C04F79EFBC}") = "SemanticImages.Core.Tests", "SemanticImages.Core.Tests\SemanticImages.Core.Tests.csproj", "{0C45A195-F39E-4500-82BC-B9848FF9EDAE}"
EndProject
Project("{FAE04EC0-301F-11D3-BF4B-00C04F79EFBC}") = "SemanticImages.View", "SemanticImages.View\SemanticImages.View.csproj", "{794FA463-279A-44D1-905D-764BD889855C}"
EndProject
Global
	GlobalSection(SolutionConfigurationPlatforms) = preSolution
		Debug|Any CPU = Debug|Any CPU
		Release|Any CPU = Release|Any CPU
	EndGlobalSection
	GlobalSection(ProjectConfigurationPlatforms) = postSolution
		{B0127E53-ECB9-4A21-B44C-3F1529FCD0A1}.Debug|Any CPU.ActiveCfg = Debug|Any CPU
		{B0127E53-ECB9-4A21-B44C-3F1529FCD0A1}.Debug|Any CPU.Build.0 = Debug|Any CPU
		{B0127E53-ECB9-4A21-B44C-3F1529FCD0A1}.Release|Any CPU.ActiveCfg = Release|Any CPU
		{B0127E53-ECB9-4A21-B44C-3F1529FCD0A1}.Release|Any CPU.Build.0 = Release|Any CPU
		{0C45A195-F39E-4500-82BC-B9848FF9EDAE}.Debug|Any CPU.ActiveCfg = Debug|Any CPU
		{0C45A195-F39E-4500-82BC-B9848FF9EDAE}.Debug|Any CPU.Build.0 = Debug|Any CPU
		{0C45A195-F39E-4500-82BC-B9848FF9EDAE}.Release|Any CPU.ActiveCfg = Release|Any CPU
		{0C45A195-F39E-4500-82BC-B9848FF9EDAE}.Release|Any CPU.Build.0 = Release|Any CPU
		{794FA463-279A-44D1-905D-764BD889855C}.Debug|Any CPU.ActiveCfg = Debug|Any CPU
		{794FA463-279A-44D1-905D-764BD889855C}.Debug|Any CPU.Build.0 = Debug|Any CPU
		{794FA463-279A-44D1-905D-764BD889855C}.Release|Any CPU.ActiveCfg = Release|Any CPU
		{794FA463-279A-44D1-905D-764BD889855C}.Release|Any CPU.Build.0 = Release|Any CPU
	EndGlobalSection
	GlobalSection(SolutionProperties) = preSolution
		HideSolutionNode = FALSE
	EndGlobalSection
	GlobalSection(ExtensibilityGlobals) = postSolution
		SolutionGuid = {BB3F2E83-EB7E-4E6C-92D8-6292DE7C61BF}
	EndGlobalSection
EndGlobal
